
Microsoft Visual Studio Solution File, Format Version 12.00
# Visual Studio Version 17
VisualStudioVersion = 17.6.33815.320
MinimumVisualStudioVersion = 10.0.40219.1
Project("{FAE04EC0-301F-11D3-BF4B-00C04F79EFBC}") = "day 3 ps 5", "day 3 ps 5\day 3 ps 5.csproj", "{BA2B1142-6797-4777-8A83-5FF3582F930D}"
EndProject
Global
	GlobalSection(SolutionConfigurationPlatforms) = preSolution
		Debug|Any CPU = Debug|Any CPU
		Release|Any CPU = Release|Any CPU
	EndGlobalSection
	GlobalSection(ProjectConfigurationPlatforms) = postSolution
		{BA2B1142-6797-4777-8A83-5FF3582F930D}.Debug|Any CPU.ActiveCfg = Debug|Any CPU
		{BA2B1142-6797-4777-8A83-5FF3582F930D}.Debug|Any CPU.Build.0 = Debug|Any CPU
		{BA2B1142-6797-4777-8A83-5FF3582F930D}.Release|Any CPU.ActiveCfg = Release|Any CPU
		{BA2B1142-6797-4777-8A83-5FF3582F930D}.Release|Any CPU.Build.0 = Release|Any CPU
	EndGlobalSection
	GlobalSection(SolutionProperties) = preSolution
		HideSolutionNode = FALSE
	EndGlobalSection
	GlobalSection(ExtensibilityGlobals) = postSolution
		SolutionGuid = {845510EA-E009-4864-AA38-A8DD7634A651}
	EndGlobalSection
EndGlobal
